
Microsoft Visual Studio Solution File, Format Version 11.00
# Visual Studio 2010
Project("{F184B08F-C81C-45F6-A57F-5ABD9991F28F}") = "TechTejash", "TechTejash\TechTejash.vbproj", "{EAA11CFF-1BB1-4F3E-9BC8-2A9C7F73A408}"
EndProject
Global
	GlobalSection(SolutionConfigurationPlatforms) = preSolution
		Debug|Any CPU = Debug|Any CPU
		Release|Any CPU = Release|Any CPU
	EndGlobalSection
	GlobalSection(ProjectConfigurationPlatforms) = postSolution
		{EAA11CFF-1BB1-4F3E-9BC8-2A9C7F73A408}.Debug|Any CPU.ActiveCfg = Debug|Any CPU
		{EAA11CFF-1BB1-4F3E-9BC8-2A9C7F73A408}.Debug|Any CPU.Build.0 = Debug|Any CPU
		{EAA11CFF-1BB1-4F3E-9BC8-2A9C7F73A408}.Release|Any CPU.ActiveCfg = Release|Any CPU
		{EAA11CFF-1BB1-4F3E-9BC8-2A9C7F73A408}.Release|Any CPU.Build.0 = Release|Any CPU
	EndGlobalSection
	GlobalSection(SolutionProperties) = preSolution
		HideSolutionNode = FALSE
	EndGlobalSection
EndGlobal
